lockfileVersion: 5.3

specifiers:
  '@pnpm/lockfile-file': ^5.0.3
  '@pnpm/lockfile-utils': ^4.0.3
  '@pnpm/lockfile-walker': ^5.0.3
  '@pnpm/logger': ^4.0.0
  '@pnpm/manifest-utils': ^3.0.2
  '@pnpm/read-project-manifest': ^3.0.2
  '@pnpm/types': ^8.0.1
  '@types/node': ^17.0.36
  commander: ^9.3.0
  dependency-path: ^9.1.2
  esbuild: ^0.14.42
  esbuild-node-externals: ^1.4.1
  path-exists: ^5.0.0
  semver: ^7.3.7
  typescript: ^4.7.2

dependencies:
  '@pnpm/lockfile-file': 5.0.3_@pnpm+logger@4.0.0
  '@pnpm/lockfile-utils': 4.0.3
  '@pnpm/lockfile-walker': 5.0.3
  '@pnpm/logger': 4.0.0
  '@pnpm/manifest-utils': 3.0.2_@pnpm+logger@4.0.0
  '@pnpm/read-project-manifest': 3.0.2
  '@pnpm/types': 8.0.1
  commander: 9.3.0
  dependency-path: 9.1.2
  path-exists: 5.0.0
  semver: 7.3.7

devDependencies:
  '@types/node': 17.0.36
  esbuild: 0.14.42
  esbuild-node-externals: 1.4.1_esbuild@0.14.42
  typescript: 4.7.2

packages:

  /@babel/code-frame/7.16.7:
    resolution: {integrity: sha512-iAXqUn8IIeBTNd72xsFlgaXHkMBMt6y4HJp1tIaK465CWLT/fG1aqB7ykr95gHHmlBdGbFeWWfyB4NJJ0nmeIg==}
    engines: {node: '>=6.9.0'}
    dependencies:
      '@babel/highlight': 7.17.12
    dev: false

  /@babel/helper-validator-identifier/7.16.7:
    resolution: {integrity: sha512-hsEnFemeiW4D08A5gUAZxLBTXpZ39P+a+DGDsHw1yxqyQ/jzFEnxf5uTEGp+3bzAbNOxU1paTgYS4ECU/IgfDw==}
    engines: {node: '>=6.9.0'}
    dev: false

  /@babel/highlight/7.17.12:
    resolution: {integrity: sha512-7yykMVF3hfZY2jsHZEEgLc+3x4o1O+fYyULu11GynEUQNwB6lua+IIQn1FiJxNucd5UlyJryrwsOh8PL9Sn8Qg==}
    engines: {node: '>=6.9.0'}
    dependencies:
      '@babel/helper-validator-identifier': 7.16.7
      chalk: 2.4.2
      js-tokens: 4.0.0
    dev: false

  /@pnpm/constants/6.1.0:
    resolution: {integrity: sha512-L6AiU3OXv9kjKGTJN9j8n1TeJGDcLX9atQlZvAkthlvbXjvKc5SKNWESc/eXhr5nEfuMWhQhiKHDJCpYejmeCQ==}
    engines: {node: '>=14.19'}
    dev: false

  /@pnpm/core-loggers/7.0.1_@pnpm+logger@4.0.0:
    resolution: {integrity: sha512-5fCtT6mj6Ec4JvV9KWKy4B1bg74qM1RWOQeM9kxnc4E6ZxDb5HCsFYTtXGRL3xZGMNUMmzc6UzKINblTuN5mrA==}
    engines: {node: '>=14.19'}
    peerDependencies:
      '@pnpm/logger': ^4.0.0
    dependencies:
      '@pnpm/logger': 4.0.0
      '@pnpm/types': 8.0.1
    dev: false

  /@pnpm/error/3.0.1:
    resolution: {integrity: sha512-hMlbWbFcfcfolNfSjKjpeaZFow71kNg438LZ8rAd01swiVIYRUf/sRv8gGySru6AijYfz5UqslpIJRDbYBkgQA==}
    engines: {node: '>=14.19'}
    dependencies:
      '@pnpm/constants': 6.1.0
    dev: false

  /@pnpm/graceful-fs/2.0.0:
    resolution: {integrity: sha512-ogUZCGf0/UILZt6d8PsO4gA4pXh7f0BumXeFkcCe4AQ65PXPKfAkHC0C30Lheh2EgFOpLZm3twDP1Eiww18gew==}
    engines: {node: '>=14.19'}
    dependencies:
      graceful-fs: 4.2.10
    dev: false

  /@pnpm/lockfile-file/5.0.3_@pnpm+logger@4.0.0:
    resolution: {integrity: sha512-NJSGwhEpartc5NarH7wdt/t8Ri5512ZZHkERP516XvYVOWMatEtAvGu3CP1FbUtSDE50vETbm55pX/zI0vmwHg==}
    engines: {node: '>=14.19'}
    peerDependencies:
      '@pnpm/logger': ^4.0.0
    dependencies:
      '@pnpm/constants': 6.1.0
      '@pnpm/error': 3.0.1
      '@pnpm/lockfile-types': 4.0.1
      '@pnpm/logger': 4.0.0
      '@pnpm/merge-lockfile-changes': 3.0.1
      '@pnpm/types': 8.0.1
      '@zkochan/rimraf': 2.1.2
      comver-to-semver: 1.0.0
      js-yaml: /@zkochan/js-yaml/0.0.6
      normalize-path: 3.0.0
      ramda: 0.27.2
      semver: 7.3.7
      sort-keys: 4.2.0
      strip-bom: 4.0.0
      write-file-atomic: 3.0.3
    dev: false

  /@pnpm/lockfile-types/4.0.1:
    resolution: {integrity: sha512-CkyUDqiGxf+OhSKccD4bR8RkW4pPeWzhkCyDpUR/KzYoXbwqm8AFaC4FIJIqFlNcmZEUSPNJ3ZgD6KCn0512zA==}
    engines: {node: '>=14.19'}
    dependencies:
      '@pnpm/types': 8.0.1
    dev: false

  /@pnpm/lockfile-utils/4.0.3:
    resolution: {integrity: sha512-jlX6qzlesCmu86cvtePFX8q4/3Wgyg8YD40QXSg0b79WCF2NgyETk4WMC2vfF9UAPp1Pnol7pyNlKwBhor5vUw==}
    engines: {node: '>=14.19'}
    dependencies:
      '@pnpm/lockfile-types': 4.0.1
      '@pnpm/resolver-base': 9.0.1
      '@pnpm/types': 8.0.1
      dependency-path: 9.1.2
      get-npm-tarball-url: 2.0.3
      ramda: 0.27.2
    dev: false

  /@pnpm/lockfile-walker/5.0.3:
    resolution: {integrity: sha512-sro0N7iYXZh6CDxW27RW8C+fcYs3phHQ2nidVgPD3xn5VepjL8i3bXwmigmxL6i4FOyO3kQsKBNnBWHGbi3bGA==}
    engines: {node: '>=14.19'}
    dependencies:
      '@pnpm/lockfile-types': 4.0.1
      '@pnpm/types': 8.0.1
      dependency-path: 9.1.2
      ramda: 0.27.2
    dev: false

  /@pnpm/logger/4.0.0:
    resolution: {integrity: sha512-SIShw+k556e7S7tLZFVSIHjCdiVog1qWzcKW2RbLEHPItdisAFVNIe34kYd9fMSswTlSRLS/qRjw3ZblzWmJ9Q==}
    engines: {node: '>=12.17'}
    dependencies:
      bole: 4.0.0
      ndjson: 2.0.0
    dev: false

  /@pnpm/manifest-utils/3.0.2_@pnpm+logger@4.0.0:
    resolution: {integrity: sha512-PdKC3uRMRzsTbNpRoC4MMekfrh+iI4uIk1diXJGS5nNJ7Ab8yHnG7C99L8nhX4Y7/WNpRWYxSWOIoZ6hXxcOLQ==}
    engines: {node: '>=14.19'}
    dependencies:
      '@pnpm/core-loggers': 7.0.1_@pnpm+logger@4.0.0
      '@pnpm/error': 3.0.1
      '@pnpm/types': 8.0.1
    transitivePeerDependencies:
      - '@pnpm/logger'
    dev: false

  /@pnpm/merge-lockfile-changes/3.0.1:
    resolution: {integrity: sha512-WhRstdUXifqCUokJxaDsxAokAWGgnivUIK0BsyQRAI0k1pO8AIQgZB4M/mgAl6V4W2Y2WJ1ETqfSrcnVVQe0Xw==}
    engines: {node: '>=14.19'}
    dependencies:
      '@pnpm/lockfile-types': 4.0.1
      comver-to-semver: 1.0.0
      ramda: 0.27.2
      semver: 7.3.7
    dev: false

  /@pnpm/read-project-manifest/3.0.2:
    resolution: {integrity: sha512-v0gayZ6KbGsbhbWDC1j60HkEmsirdORKymRCvga1vPubE9Zo1vtYwzfHk20kJASvav5B4xEV7iDspn8uS34fOQ==}
    engines: {node: '>=14.19'}
    dependencies:
      '@pnpm/error': 3.0.1
      '@pnpm/graceful-fs': 2.0.0
      '@pnpm/types': 8.0.1
      '@pnpm/write-project-manifest': 3.0.1
      detect-indent: 6.1.0
      fast-deep-equal: 3.1.3
      is-windows: 1.0.2
      json5: 2.2.1
      parse-json: 5.2.0
      read-yaml-file: 2.1.0
      sort-keys: 4.2.0
      strip-bom: 4.0.0
    dev: false

  /@pnpm/resolver-base/9.0.1:
    resolution: {integrity: sha512-a0VKFakunzAcRbM2fDVve5yGIFuKkO8c3BEUa1s1FTu8RbHGQk1c/SH3BltYFrUg/nc+TyOwUY1abhJGSJydiA==}
    engines: {node: '>=14.19'}
    dependencies:
      '@pnpm/types': 8.0.1
    dev: false

  /@pnpm/types/8.0.1:
    resolution: {integrity: sha512-2CdIXHvUvTXo/R+rFthQhQw3MdppvXOVl2QXDDjRPgNR8i6HemYceYqgBZ24alXJqmLzTsnuLKBXPdwiLq6nlA==}
    engines: {node: '>=14.19'}
    dev: false

  /@pnpm/write-project-manifest/3.0.1:
    resolution: {integrity: sha512-zu6yNmiT6Ipmm/ULrjs+iVErj0R1+PnaYLwAElCdLNhsJ6YHvOy7RRdjyAj7nPmChNode7CZbdQg8Bt0cgyO0w==}
    engines: {node: '>=14.19'}
    dependencies:
      '@pnpm/types': 8.0.1
      json5: 2.2.1
      write-file-atomic: 3.0.3
      write-yaml-file: 4.2.0
    dev: false

  /@types/node/17.0.36:
    resolution: {integrity: sha512-V3orv+ggDsWVHP99K3JlwtH20R7J4IhI1Kksgc+64q5VxgfRkQG8Ws3MFm/FZOKDYGy9feGFlZ70/HpCNe9QaA==}
    dev: true

  /@zkochan/js-yaml/0.0.6:
    resolution: {integrity: sha512-nzvgl3VfhcELQ8LyVrYOru+UtAy1nrygk2+AGbTm8a5YcO6o8lSjAT+pfg3vJWxIoZKOUhrK6UU7xW/+00kQrg==}
    hasBin: true
    dependencies:
      argparse: 2.0.1
    dev: false

  /@zkochan/rimraf/2.1.2:
    resolution: {integrity: sha512-Lc2oK51J6aQWcLWTloobJun5ZF41BbTDdLvE+aMcexoVWFoFqvZmnZoyXR2IZk6NJEVoZW8tjgtvQLfTsmRs2Q==}
    engines: {node: '>=12.10'}
    dependencies:
      rimraf: 3.0.2
    dev: false

  /ansi-styles/3.2.1:
    resolution: {integrity: sha512-VT0ZI6kZRdTh8YyJw3SMbYm/u+NqfsAxEpWO0Pf9sq8/e94WxxOpPKx9FR1FlyCtOVDNOQ+8ntlqFxiRc+r5qA==}
    engines: {node: '>=4'}
    dependencies:
      color-convert: 1.9.3
    dev: false

  /argparse/2.0.1:
    resolution: {integrity: sha512-8+9WqebbFzpX9OR+Wa6O29asIogeRMzcGtAINdpMHHyAg10f05aSFVBbcEqGf/PXw1EjAZ+q2/bEBg3DvurK3Q==}
    dev: false

  /balanced-match/1.0.2:
    resolution: {integrity: sha512-3oSeUO0TMV67hN1AmbXsK4yaqU7tjiHlbxRDZOpH0KW9+CeX4bRAaX0Anxt0tx2MrpRpWwQaPwIlISEJhYU5Pw==}
    dev: false

  /bole/4.0.0:
    resolution: {integrity: sha512-Bk/2qoyOSlwU1dnDFk/oPM2FCNKAlYlBHfpAgwGX+K9HUtxSvmIAQCmMWMOvE6BlHHRCwsH1MxJe/r1ieodxqQ==}
    dependencies:
      fast-safe-stringify: 2.1.1
      individual: 3.0.0
    dev: false

  /brace-expansion/1.1.11:
    resolution: {integrity: sha512-iCuPHDFgrHX7H2vEI/5xpz07zSHB00TpugqhmYtVmMO6518mCuRMoOYFldEBl0g187ufozdaHgWKcYFb61qGiA==}
    dependencies:
      balanced-match: 1.0.2
      concat-map: 0.0.1
    dev: false

  /chalk/2.4.2:
    resolution: {integrity: sha512-Mti+f9lpJNcwF4tWV8/OrTTtF1gZi+f8FqlyAdouralcFWFQWF2+NgCHShjkCb+IFBLq9buZwE1xckQU4peSuQ==}
    engines: {node: '>=4'}
    dependencies:
      ansi-styles: 3.2.1
      escape-string-regexp: 1.0.5
      supports-color: 5.5.0
    dev: false

  /color-convert/1.9.3:
    resolution: {integrity: sha512-QfAUtd+vFdAtFQcC8CCyYt1fYWxSqAiK2cSD6zDB8N3cpsEBAvRxp9zOGg6G/SHHJYAT88/az/IuDGALsNVbGg==}
    dependencies:
      color-name: 1.1.3
    dev: false

  /color-name/1.1.3:
    resolution: {integrity: sha512-72fSenhMw2HZMTVHeCA9KCmpEIbzWiQsjN+BHcBbS9vr1mtt+vJjPdksIBNUmKAW8TFUDPJK5SUU3QhE9NEXDw==}
    dev: false

  /commander/9.3.0:
    resolution: {integrity: sha512-hv95iU5uXPbK83mjrJKuZyFM/LBAoCV/XhVGkS5Je6tl7sxr6A0ITMw5WoRV46/UaJ46Nllm3Xt7IaJhXTIkzw==}
    engines: {node: ^12.20.0 || >=14}
    dev: false

  /comver-to-semver/1.0.0:
    resolution: {integrity: sha512-gcGtbRxjwROQOdXLUWH1fQAXqThUVRZ219aAwgtX3KfYw429/Zv6EIJRf5TBSzWdAGwePmqH7w70WTaX4MDqag==}
    engines: {node: '>=12.17'}
    dev: false

  /concat-map/0.0.1:
    resolution: {integrity: sha1-2Klr13/Wjfd5OnMDajug1UBdR3s=}
    dev: false

  /dependency-path/9.1.2:
    resolution: {integrity: sha512-ZbjLv2dZhmrB2ZtXyxKLquyTVvqL5wcd9sF+5sxUuob7AGSQgeGVNmGugMMvJllUL1pPjoy/mRLjH/WrZLtUYQ==}
    engines: {node: '>=14.19'}
    dependencies:
      '@pnpm/types': 8.0.1
      encode-registry: 3.0.0
      rfc4648: 1.5.1
      semver: 7.3.7
    dev: false

  /detect-indent/6.1.0:
    resolution: {integrity: sha512-reYkTUJAZb9gUuZ2RvVCNhVHdg62RHnJ7WJl8ftMi4diZ6NWlciOzQN88pUhSELEwflJht4oQDv0F0BMlwaYtA==}
    engines: {node: '>=8'}
    dev: false

  /encode-registry/3.0.0:
    resolution: {integrity: sha512-2fRYji8K6FwYuQ6EPBKR/J9mcqb7kIoNqt1vGvJr3NrvKfncRiNm00Oxo6gi/YJF8R5Sp2bNFSFdGKTG0rje1Q==}
    engines: {node: '>=10'}
    dependencies:
      mem: 8.1.1
    dev: false

  /error-ex/1.3.2:
    resolution: {integrity: sha512-7dFHNmqeFSEt2ZBsCriorKnn3Z2pj+fd9kmI6QoWw4//DL+icEBfc0U7qJCisqrTsKTjw4fNFy2pW9OqStD84g==}
    dependencies:
      is-arrayish: 0.2.1
    dev: false

  /esbuild-android-64/0.14.42:
    resolution: {integrity: sha512-P4Y36VUtRhK/zivqGVMqhptSrFILAGlYp0Z8r9UQqHJ3iWztRCNWnlBzD9HRx0DbueXikzOiwyOri+ojAFfW6A==}
    engines: {node: '>=12'}
    cpu: [x64]
    os: [android]
    dev: true
    optional: true

  /esbuild-android-arm64/0.14.42:
    resolution: {integrity: sha512-0cOqCubq+RWScPqvtQdjXG3Czb3AWI2CaKw3HeXry2eoA2rrPr85HF7IpdU26UWdBXgPYtlTN1LUiuXbboROhg==}
    engines: {node: '>=12'}
    cpu: [arm64]
    os: [android]
    dev: true
    optional: true

  /esbuild-darwin-64/0.14.42:
    resolution: {integrity: sha512-ipiBdCA3ZjYgRfRLdQwP82rTiv/YVMtW36hTvAN5ZKAIfxBOyPXY7Cejp3bMXWgzKD8B6O+zoMzh01GZsCuEIA==}
    engines: {node: '>=12'}
    cpu: [x64]
    os: [darwin]
    dev: true
    optional: true

  /esbuild-darwin-arm64/0.14.42:
    resolution: {integrity: sha512-bU2tHRqTPOaoH/4m0zYHbFWpiYDmaA0gt90/3BMEFaM0PqVK/a6MA2V/ypV5PO0v8QxN6gH5hBPY4YJ2lopXgA==}
    engines: {node: '>=12'}
    cpu: [arm64]
    os: [darwin]
    dev: true
    optional: true

  /esbuild-freebsd-64/0.14.42:
    resolution: {integrity: sha512-75h1+22Ivy07+QvxHyhVqOdekupiTZVLN1PMwCDonAqyXd8TVNJfIRFrdL8QmSJrOJJ5h8H1I9ETyl2L8LQDaw==}
    engines: {node: '>=12'}
    cpu: [x64]
    os: [freebsd]
    dev: true
    optional: true

  /esbuild-freebsd-arm64/0.14.42:
    resolution: {integrity: sha512-W6Jebeu5TTDQMJUJVarEzRU9LlKpNkPBbjqSu+GUPTHDCly5zZEQq9uHkmHHl7OKm+mQ2zFySN83nmfCeZCyNA==}
    engines: {node: '>=12'}
    cpu: [arm64]
    os: [freebsd]
    dev: true
    optional: true

  /esbuild-linux-32/0.14.42:
    resolution: {integrity: sha512-Ooy/Bj+mJ1z4jlWcK5Dl6SlPlCgQB9zg1UrTCeY8XagvuWZ4qGPyYEWGkT94HUsRi2hKsXvcs6ThTOjBaJSMfg==}
    engines: {node: '>=12'}
    cpu: [ia32]
    os: [linux]
    dev: true
    optional: true

  /esbuild-linux-64/0.14.42:
    resolution: {integrity: sha512-2L0HbzQfbTuemUWfVqNIjOfaTRt9zsvjnme6lnr7/MO9toz/MJ5tZhjqrG6uDWDxhsaHI2/nsDgrv8uEEN2eoA==}
    engines: {node: '>=12'}
    cpu: [x64]
    os: [linux]
    dev: true
    optional: true

  /esbuild-linux-arm/0.14.42:
    resolution: {integrity: sha512-STq69yzCMhdRaWnh29UYrLSr/qaWMm/KqwaRF1pMEK7kDiagaXhSL1zQGXbYv94GuGY/zAwzK98+6idCMUOOCg==}
    engines: {node: '>=12'}
    cpu: [arm]
    os: [linux]
    dev: true
    optional: true

  /esbuild-linux-arm64/0.14.42:
    resolution: {integrity: sha512-c3Ug3e9JpVr8jAcfbhirtpBauLxzYPpycjWulD71CF6ZSY26tvzmXMJYooQ2YKqDY4e/fPu5K8bm7MiXMnyxuA==}
    engines: {node: '>=12'}
    cpu: [arm64]
    os: [linux]
    dev: true
    optional: true

  /esbuild-linux-mips64le/0.14.42:
    resolution: {integrity: sha512-QuvpHGbYlkyXWf2cGm51LBCHx6eUakjaSrRpUqhPwjh/uvNUYvLmz2LgPTTPwCqaKt0iwL+OGVL0tXA5aDbAbg==}
    engines: {node: '>=12'}
    cpu: [mips64el]
    os: [linux]
    dev: true
    optional: true

  /esbuild-linux-ppc64le/0.14.42:
    resolution: {integrity: sha512-8ohIVIWDbDT+i7lCx44YCyIRrOW1MYlks9fxTo0ME2LS/fxxdoJBwHWzaDYhjvf8kNpA+MInZvyOEAGoVDrMHg==}
    engines: {node: '>=12'}
    cpu: [ppc64]
    os: [linux]
    dev: true
    optional: true

  /esbuild-linux-riscv64/0.14.42:
    resolution: {integrity: sha512-DzDqK3TuoXktPyG1Lwx7vhaF49Onv3eR61KwQyxYo4y5UKTpL3NmuarHSIaSVlTFDDpcIajCDwz5/uwKLLgKiQ==}
    engines: {node: '>=12'}
    cpu: [riscv64]
    os: [linux]
    dev: true
    optional: true

  /esbuild-linux-s390x/0.14.42:
    resolution: {integrity: sha512-YFRhPCxl8nb//Wn6SiS5pmtplBi4z9yC2gLrYoYI/tvwuB1jldir9r7JwAGy1Ck4D7sE7wBN9GFtUUX/DLdcEQ==}
    engines: {node: '>=12'}
    cpu: [s390x]
    os: [linux]
    dev: true
    optional: true

  /esbuild-netbsd-64/0.14.42:
    resolution: {integrity: sha512-QYSD2k+oT9dqB/4eEM9c+7KyNYsIPgzYOSrmfNGDIyJrbT1d+CFVKvnKahDKNJLfOYj8N4MgyFaU9/Ytc6w5Vw==}
    engines: {node: '>=12'}
    cpu: [x64]
    os: [netbsd]
    dev: true
    optional: true

  /esbuild-node-externals/1.4.1_esbuild@0.14.42:
    resolution: {integrity: sha512-ZFNGa6w1kYzn4wx9ty4eaItaOTSe2hWQZ6WXa/8guKJCiXL3XpW2CZT4gkx2OhfBKxpqaqa7ZeGK54ScoLSUdw==}
    peerDependencies:
      esbuild: 0.12 - 0.14
    dependencies:
      esbuild: 0.14.42
      find-up: 5.0.0
      tslib: 2.3.1
    dev: true

  /esbuild-openbsd-64/0.14.42:
    resolution: {integrity: sha512-M2meNVIKWsm2HMY7+TU9AxM7ZVwI9havdsw6m/6EzdXysyCFFSoaTQ/Jg03izjCsK17FsVRHqRe26Llj6x0MNA==}
    engines: {node: '>=12'}
    cpu: [x64]
    os: [openbsd]
    dev: true
    optional: true

  /esbuild-sunos-64/0.14.42:
    resolution: {integrity: sha512-uXV8TAZEw36DkgW8Ak3MpSJs1ofBb3Smkc/6pZ29sCAN1KzCAQzsje4sUwugf+FVicrHvlamCOlFZIXgct+iqQ==}
    engines: {node: '>=12'}
    cpu: [x64]
    os: [sunos]
    dev: true
    optional: true

  /esbuild-windows-32/0.14.42:
    resolution: {integrity: sha512-4iw/8qWmRICWi9ZOnJJf9sYt6wmtp3hsN4TdI5NqgjfOkBVMxNdM9Vt3626G1Rda9ya2Q0hjQRD9W1o+m6Lz6g==}
    engines: {node: '>=12'}
    cpu: [ia32]
    os: [win32]
    dev: true
    optional: true

  /esbuild-windows-64/0.14.42:
    resolution: {integrity: sha512-j3cdK+Y3+a5H0wHKmLGTJcq0+/2mMBHPWkItR3vytp/aUGD/ua/t2BLdfBIzbNN9nLCRL9sywCRpOpFMx3CxzA==}
    engines: {node: '>=12'}
    cpu: [x64]
    os: [win32]
    dev: true
    optional: true

  /esbuild-windows-arm64/0.14.42:
    resolution: {integrity: sha512-+lRAARnF+hf8J0mN27ujO+VbhPbDqJ8rCcJKye4y7YZLV6C4n3pTRThAb388k/zqF5uM0lS5O201u0OqoWSicw==}
    engines: {node: '>=12'}
    cpu: [arm64]
    os: [win32]
    dev: true
    optional: true

  /esbuild/0.14.42:
    resolution: {integrity: sha512-V0uPZotCEHokJdNqyozH6qsaQXqmZEOiZWrXnds/zaH/0SyrIayRXWRB98CENO73MIZ9T3HBIOsmds5twWtmgw==}
    engines: {node: '>=12'}
    hasBin: true
    requiresBuild: true
    optionalDependencies:
      esbuild-android-64: 0.14.42
      esbuild-android-arm64: 0.14.42
      esbuild-darwin-64: 0.14.42
      esbuild-darwin-arm64: 0.14.42
      esbuild-freebsd-64: 0.14.42
      esbuild-freebsd-arm64: 0.14.42
      esbuild-linux-32: 0.14.42
      esbuild-linux-64: 0.14.42
      esbuild-linux-arm: 0.14.42
      esbuild-linux-arm64: 0.14.42
      esbuild-linux-mips64le: 0.14.42
      esbuild-linux-ppc64le: 0.14.42
      esbuild-linux-riscv64: 0.14.42
      esbuild-linux-s390x: 0.14.42
      esbuild-netbsd-64: 0.14.42
      esbuild-openbsd-64: 0.14.42
      esbuild-sunos-64: 0.14.42
      esbuild-windows-32: 0.14.42
      esbuild-windows-64: 0.14.42
      esbuild-windows-arm64: 0.14.42
    dev: true

  /escape-string-regexp/1.0.5:
    resolution: {integrity: sha512-vbRorB5FUQWvla16U8R/qgaFIya2qGzwDrNmCZuYKrbdSUMG6I1ZCGQRefkRVhuOkIGVne7BQ35DSfo1qvJqFg==}
    engines: {node: '>=0.8.0'}
    dev: false

  /fast-deep-equal/3.1.3:
    resolution: {integrity: sha512-f3qQ9oQy9j2AhBe/H9VC91wLmKBCCU/gDOnKNAYG5hswO7BLKj09Hc5HYNz9cGI++xlpDCIgDaitVs03ATR84Q==}
    dev: false

  /fast-safe-stringify/2.1.1:
    resolution: {integrity: sha512-W+KJc2dmILlPplD/H4K9l9LcAHAfPtP6BY84uVLXQ6Evcz9Lcg33Y2z1IVblT6xdY54PXYVHEv+0Wpq8Io6zkA==}
    dev: false

  /find-up/5.0.0:
    resolution: {integrity: sha512-78/PXT1wlLLDgTzDs7sjq9hzz0vXD+zn+7wypEe4fXQxCmdmqfGsEPQxmiCSQI3ajFV91bVSsvNtrJRiW6nGng==}
    engines: {node: '>=10'}
    dependencies:
      locate-path: 6.0.0
      path-exists: 4.0.0
    dev: true

  /fs.realpath/1.0.0:
    resolution: {integrity: sha512-OO0pH2lK6a0hZnAdau5ItzHPI6pUlvI7jMVnxUQRtw4owF2wk8lOSabtGDCTP4Ggrg2MbGnWO9X8K1t4+fGMDw==}
    dev: false

  /get-npm-tarball-url/2.0.3:
    resolution: {integrity: sha512-R/PW6RqyaBQNWYaSyfrh54/qtcnOp22FHCCiRhSSZj0FP3KQWCsxxt0DzIdVTbwTqe9CtQfvl/FPD4UIPt4pqw==}
    engines: {node: '>=12.17'}
    dev: false

  /glob/7.2.3:
    resolution: {integrity: sha512-nFR0zLpU2YCaRxwoCJvL6UvCH2JFyFVIvwTLsIf21AuHlMskA1hhTdk+LlYJtOlYt9v6dvszD2BGRqBL+iQK9Q==}
    dependencies:
      fs.realpath: 1.0.0
      inflight: 1.0.6
      inherits: 2.0.4
      minimatch: 3.1.2
      once: 1.4.0
      path-is-absolute: 1.0.1
    dev: false

  /graceful-fs/4.2.10:
    resolution: {integrity: sha512-9ByhssR2fPVsNZj478qUUbKfmL0+t5BDVyjShtyZZLiK7ZDAArFFfopyOTj0M05wE2tJPisA4iTnnXl2YoPvOA==}
    dev: false

  /has-flag/3.0.0:
    resolution: {integrity: sha512-sKJf1+ceQBr4SMkvQnBDNDtf4TXpVhVGateu0t918bl30FnbE2m4vNLX+VWe/dpjlb+HugGYzW7uQXH98HPEYw==}
    engines: {node: '>=4'}
    dev: false

  /imurmurhash/0.1.4:
    resolution: {integrity: sha1-khi5srkoojixPcT7a21XbyMUU+o=}
    engines: {node: '>=0.8.19'}
    dev: false

  /individual/3.0.0:
    resolution: {integrity: sha1-58pPhfiVewGHNPKFdQ3CLsL5hi0=}
    dev: false

  /inflight/1.0.6:
    resolution: {integrity: sha1-Sb1jMdfQLQwJvJEKEHW6gWW1bfk=}
    dependencies:
      once: 1.4.0
      wrappy: 1.0.2
    dev: false

  /inherits/2.0.4:
    resolution: {integrity: sha512-k/vGaX4/Yla3WzyMCvTQOXYeIHvqOKtnqBduzTHpzpQZzAskKMhZ2K+EnBiSM9zGSoIFeMpXKxa4dYeZIQqewQ==}
    dev: false

  /is-arrayish/0.2.1:
    resolution: {integrity: sha1-d8mYQFJ6qOyxqLppe4BkWnqSap0=}
    dev: false

  /is-plain-obj/2.1.0:
    resolution: {integrity: sha512-YWnfyRwxL/+SsrWYfOpUtz5b3YD+nyfkHvjbcanzk8zgyO4ASD67uVMRt8k5bM4lLMDnXfriRhOpemw+NfT1eA==}
    engines: {node: '>=8'}
    dev: false

  /is-typedarray/1.0.0:
    resolution: {integrity: sha1-5HnICFjfDBsR3dppQPlgEfzaSpo=}
    dev: false

  /is-windows/1.0.2:
    resolution: {integrity: sha512-eXK1UInq2bPmjyX6e3VHIzMLobc4J94i4AWn+Hpq3OU5KkrRC96OAcR3PRJ/pGu6m8TRnBHP9dkXQVsT/COVIA==}
    engines: {node: '>=0.10.0'}
    dev: false

  /js-tokens/4.0.0:
    resolution: {integrity: sha512-RdJUflcE3cUzKiMqQgsCu06FPu9UdIJO0beYbPhHN4k6apgJtifcoCtT9bcxOpYBtpD2kCM6Sbzg4CausW/PKQ==}
    dev: false

  /js-yaml/4.1.0:
    resolution: {integrity: sha512-wpxZs9NoxZaJESJGIZTyDEaYpl0FKSA+FB9aJiyemKhMwkxQg63h4T1KJgUGHpTqPDNRcmmYLugrRjJlBtWvRA==}
    hasBin: true
    dependencies:
      argparse: 2.0.1
    dev: false

  /json-parse-even-better-errors/2.3.1:
    resolution: {integrity: sha512-xyFwyhro/JEof6Ghe2iz2NcXoj2sloNsWr/XsERDK/oiPCfaNhl5ONfp+jQdAZRQQ0IJWNzH9zIZF7li91kh2w==}
    dev: false

  /json-stringify-safe/5.0.1:
    resolution: {integrity: sha1-Epai1Y/UXxmg9s4B1lcB4sc1tus=}
    dev: false

  /json5/2.2.1:
    resolution: {integrity: sha512-1hqLFMSrGHRHxav9q9gNjJ5EXznIxGVO09xQRrwplcS8qs28pZ8s8hupZAmqDwZUmVZ2Qb2jnyPOWcDH8m8dlA==}
    engines: {node: '>=6'}
    hasBin: true
    dev: false

  /lines-and-columns/1.2.4:
    resolution: {integrity: sha512-7ylylesZQ/PV29jhEDl3Ufjo6ZX7gCqJr5F7PKrqc93v7fzSymt1BpwEU8nAUXs8qzzvqhbjhK5QZg6Mt/HkBg==}
    dev: false

  /locate-path/6.0.0:
    resolution: {integrity: sha512-iPZK6eYjbxRu3uB4/WZ3EsEIMJFMqAoopl3R+zuq0UjcAm/MO6KCweDgPfP3elTztoKP3KtnVHxTn2NHBSDVUw==}
    engines: {node: '>=10'}
    dependencies:
      p-locate: 5.0.0
    dev: true

  /lru-cache/6.0.0:
    resolution: {integrity: sha512-Jo6dJ04CmSjuznwJSS3pUeWmd/H0ffTlkXXgwZi+eq1UCmqQwCh+eLsYOYCwY991i2Fah4h1BEMCx4qThGbsiA==}
    engines: {node: '>=10'}
    dependencies:
      yallist: 4.0.0
    dev: false

  /map-age-cleaner/0.1.3:
    resolution: {integrity: sha512-bJzx6nMoP6PDLPBFmg7+xRKeFZvFboMrGlxmNj9ClvX53KrmvM5bXFXEWjbz4cz1AFn+jWJ9z/DJSz7hrs0w3w==}
    engines: {node: '>=6'}
    dependencies:
      p-defer: 1.0.0
    dev: false

  /mem/8.1.1:
    resolution: {integrity: sha512-qFCFUDs7U3b8mBDPyz5EToEKoAkgCzqquIgi9nkkR9bixxOVOre+09lbuH7+9Kn2NFpm56M3GUWVbU2hQgdACA==}
    engines: {node: '>=10'}
    dependencies:
      map-age-cleaner: 0.1.3
      mimic-fn: 3.1.0
    dev: false

  /mimic-fn/3.1.0:
    resolution: {integrity: sha512-Ysbi9uYW9hFyfrThdDEQuykN4Ey6BuwPD2kpI5ES/nFTDn/98yxYNLZJcgUAKPT/mcrLLKaGzJR9YVxJrIdASQ==}
    engines: {node: '>=8'}
    dev: false

  /minimatch/3.1.2:
    resolution: {integrity: sha512-J7p63hRiAjw1NDEww1W7i37+ByIrOWO5XQQAzZ3VOcL0PNybwpfmV/N05zFAzwQ9USyEcX6t3UO+K5aqBQOIHw==}
    dependencies:
      brace-expansion: 1.1.11
    dev: false

  /minimist/1.2.6:
    resolution: {integrity: sha512-Jsjnk4bw3YJqYzbdyBiNsPWHPfO++UGG749Cxs6peCu5Xg4nrena6OVxOYxrQTqww0Jmwt+Ref8rggumkTLz9Q==}
    dev: false

  /ndjson/2.0.0:
    resolution: {integrity: sha512-nGl7LRGrzugTtaFcJMhLbpzJM6XdivmbkdlaGcrk/LXg2KL/YBC6z1g70xh0/al+oFuVFP8N8kiWRucmeEH/qQ==}
    engines: {node: '>=10'}
    hasBin: true
    dependencies:
      json-stringify-safe: 5.0.1
      minimist: 1.2.6
      readable-stream: 3.6.0
      split2: 3.2.2
      through2: 4.0.2
    dev: false

  /normalize-path/3.0.0:
    resolution: {integrity: sha512-6eZs5Ls3WtCisHWp9S2GUy8dqkpGi4BVSz3GaqiE6ezub0512ESztXUwUB6C6IKbQkY2Pnb/mD4WYojCRwcwLA==}
    engines: {node: '>=0.10.0'}
    dev: false

  /once/1.4.0:
    resolution: {integrity: sha1-WDsap3WWHUsROsF9nFC6753Xa9E=}
    dependencies:
      wrappy: 1.0.2
    dev: false

  /p-defer/1.0.0:
    resolution: {integrity: sha1-n26xgvbJqozXQwBKfU+WsZaw+ww=}
    engines: {node: '>=4'}
    dev: false

  /p-limit/3.1.0:
    resolution: {integrity: sha512-TYOanM3wGwNGsZN2cVTYPArw454xnXj5qmWF1bEoAc4+cU/ol7GVh7odevjp1FNHduHc3KZMcFduxU5Xc6uJRQ==}
    engines: {node: '>=10'}
    dependencies:
      yocto-queue: 0.1.0
    dev: true

  /p-locate/5.0.0:
    resolution: {integrity: sha512-LaNjtRWUBY++zB5nE/NwcaoMylSPk+S+ZHNB1TzdbMJMny6dynpAGt7X/tl/QYq3TIeE6nxHppbo2LGymrG5Pw==}
    engines: {node: '>=10'}
    dependencies:
      p-limit: 3.1.0
    dev: true

  /parse-json/5.2.0:
    resolution: {integrity: sha512-ayCKvm/phCGxOkYRSCM82iDwct8/EonSEgCSxWxD7ve6jHggsFl4fZVQBPRNgQoKiuV/odhFrGzQXZwbifC8Rg==}
    engines: {node: '>=8'}
    dependencies:
      '@babel/code-frame': 7.16.7
      error-ex: 1.3.2
      json-parse-even-better-errors: 2.3.1
      lines-and-columns: 1.2.4
    dev: false

  /path-exists/4.0.0:
    resolution: {integrity: sha512-ak9Qy5Q7jYb2Wwcey5Fpvg2KoAc/ZIhLSLOSBmRmygPsGwkVVt0fZa0qrtMz+m6tJTAHfZQ8FnmB4MG4LWy7/w==}
    engines: {node: '>=8'}
    dev: true

  /path-exists/5.0.0:
    resolution: {integrity: sha512-RjhtfwJOxzcFmNOi6ltcbcu4Iu+FL3zEj83dk4kAS+fVpTxXLO1b38RvJgT/0QwvV/L3aY9TAnyv0EOqW4GoMQ==}
    engines: {node: ^12.20.0 || ^14.13.1 || >=16.0.0}
    dev: false

  /path-is-absolute/1.0.1:
    resolution: {integrity: sha1-F0uSaHNVNP+8es5r9TpanhtcX18=}
    engines: {node: '>=0.10.0'}
    dev: false

  /ramda/0.27.2:
    resolution: {integrity: sha512-SbiLPU40JuJniHexQSAgad32hfwd+DRUdwF2PlVuI5RZD0/vahUco7R8vD86J/tcEKKF9vZrUVwgtmGCqlCKyA==}
    dev: false

  /read-yaml-file/2.1.0:
    resolution: {integrity: sha512-UkRNRIwnhG+y7hpqnycCL/xbTk7+ia9VuVTC0S+zVbwd65DI9eUpRMfsWIGrCWxTU/mi+JW8cHQCrv+zfCbEPQ==}
    engines: {node: '>=10.13'}
    dependencies:
      js-yaml: 4.1.0
      strip-bom: 4.0.0
    dev: false

  /readable-stream/3.6.0:
    resolution: {integrity: sha512-BViHy7LKeTz4oNnkcLJ+lVSL6vpiFeX6/d3oSH8zCW7UxP2onchk+vTGB143xuFjHS3deTgkKoXXymXqymiIdA==}
    engines: {node: '>= 6'}
    dependencies:
      inherits: 2.0.4
      string_decoder: 1.3.0
      util-deprecate: 1.0.2
    dev: false

  /rfc4648/1.5.1:
    resolution: {integrity: sha512-60e/YWs2/D3MV1ErdjhJHcmlgnyLUiG4X/14dgsfm9/zmCWLN16xI6YqJYSCd/OANM7bUNzJqPY5B8/02S9Ibw==}
    dev: false

  /rimraf/3.0.2:
    resolution: {integrity: sha512-JZkJMZkAGFFPP2YqXZXPbMlMBgsxzE8ILs4lMIX/2o0L9UBw9O/Y3o6wFw/i9YLapcUJWwqbi3kdxIPdC62TIA==}
    hasBin: true
    dependencies:
      glob: 7.2.3
    dev: false

  /safe-buffer/5.2.1:
    resolution: {integrity: sha512-rp3So07KcdmmKbGvgaNxQSJr7bGVSVk5S9Eq1F+ppbRo70+YeaDxkw5Dd8NPN+GD6bjnYm2VuPuCXmpuYvmCXQ==}
    dev: false

  /semver/7.3.7:
    resolution: {integrity: sha512-QlYTucUYOews+WeEujDoEGziz4K6c47V/Bd+LjSSYcA94p+DmINdf7ncaUinThfvZyu13lN9OY1XDxt8C0Tw0g==}
    engines: {node: '>=10'}
    hasBin: true
    dependencies:
      lru-cache: 6.0.0
    dev: false

  /signal-exit/3.0.7:
    resolution: {integrity: sha512-wnD2ZE+l+SPC/uoS0vXeE9L1+0wuaMqKlfz9AMUo38JsyLSBWSFcHR1Rri62LZc12vLr1gb3jl7iwQhgwpAbGQ==}
    dev: false

  /sort-keys/4.2.0:
    resolution: {integrity: sha512-aUYIEU/UviqPgc8mHR6IW1EGxkAXpeRETYcrzg8cLAvUPZcpAlleSXHV2mY7G12GphSH6Gzv+4MMVSSkbdteHg==}
    engines: {node: '>=8'}
    dependencies:
      is-plain-obj: 2.1.0
    dev: false

  /split2/3.2.2:
    resolution: {integrity: sha512-9NThjpgZnifTkJpzTZ7Eue85S49QwpNhZTq6GRJwObb6jnLFNGB7Qm73V5HewTROPyxD0C29xqmaI68bQtV+hg==}
    dependencies:
      readable-stream: 3.6.0
    dev: false

  /string_decoder/1.3.0:
    resolution: {integrity: sha512-hkRX8U1WjJFd8LsDJ2yQ/wWWxaopEsABU1XfkM8A+j0+85JAGppt16cr1Whg6KIbb4okU6Mql6BOj+uup/wKeA==}
    dependencies:
      safe-buffer: 5.2.1
    dev: false

  /strip-bom/4.0.0:
    resolution: {integrity: sha512-3xurFv5tEgii33Zi8Jtp55wEIILR9eh34FAW00PZf+JnSsTmV/ioewSgQl97JHvgjoRGwPShsWm+IdrxB35d0w==}
    engines: {node: '>=8'}
    dev: false

  /supports-color/5.5.0:
    resolution: {integrity: sha512-QjVjwdXIt408MIiAqCX4oUKsgU2EqAGzs2Ppkm4aQYbjm+ZEWEcW4SfFNTr4uMNZma0ey4f5lgLrkB0aX0QMow==}
    engines: {node: '>=4'}
    dependencies:
      has-flag: 3.0.0
    dev: false

  /through2/4.0.2:
    resolution: {integrity: sha512-iOqSav00cVxEEICeD7TjLB1sueEL+81Wpzp2bY17uZjZN0pWZPuo4suZ/61VujxmqSGFfgOcNuTZ85QJwNZQpw==}
    dependencies:
      readable-stream: 3.6.0
    dev: false

  /tslib/2.3.1:
    resolution: {integrity: sha512-77EbyPPpMz+FRFRuAFlWMtmgUWGe9UOG2Z25NqCwiIjRhOf5iKGuzSe5P2w1laq+FkRy4p+PCuVkJSGkzTEKVw==}
    dev: true

  /typedarray-to-buffer/3.1.5:
    resolution: {integrity: sha512-zdu8XMNEDepKKR+XYOXAVPtWui0ly0NtohUscw+UmaHiAWT8hrV1rr//H6V+0DvJ3OQ19S979M0laLfX8rm82Q==}
    dependencies:
      is-typedarray: 1.0.0
    dev: false

  /typescript/4.7.2:
    resolution: {integrity: sha512-Mamb1iX2FDUpcTRzltPxgWMKy3fhg0TN378ylbktPGPK/99KbDtMQ4W1hwgsbPAsG3a0xKa1vmw4VKZQbkvz5A==}
    engines: {node: '>=4.2.0'}
    hasBin: true
    dev: true

  /util-deprecate/1.0.2:
    resolution: {integrity: sha1-RQ1Nyfpw3nMnYvvS1KKJgUGaDM8=}
    dev: false

  /wrappy/1.0.2:
    resolution: {integrity: sha1-tSQ9jz7BqjXxNkYFvA0QNuMKtp8=}
    dev: false

  /write-file-atomic/3.0.3:
    resolution: {integrity: sha512-AvHcyZ5JnSfq3ioSyjrBkH9yW4m7Ayk8/9My/DD9onKeu/94fwrMocemO2QAJFAlnnDN+ZDS+ZjAR5ua1/PV/Q==}
    dependencies:
      imurmurhash: 0.1.4
      is-typedarray: 1.0.0
      signal-exit: 3.0.7
      typedarray-to-buffer: 3.1.5
    dev: false

  /write-yaml-file/4.2.0:
    resolution: {integrity: sha512-LwyucHy0uhWqbrOkh9cBluZBeNVxzHjDaE9mwepZG3n3ZlbM4v3ndrFw51zW/NXYFFqP+QWZ72ihtLWTh05e4Q==}
    engines: {node: '>=10.13'}
    dependencies:
      js-yaml: 4.1.0
      write-file-atomic: 3.0.3
    dev: false

  /yallist/4.0.0:
    resolution: {integrity: sha512-3wdGidZyq5PB084XLES5TpOSRA3wjXAlIWMhum2kRcv/41Sn2emQ0dycQW4uZXLejwKvg6EsvbdlVL+FYEct7A==}
    dev: false

  /yocto-queue/0.1.0:
    resolution: {integrity: sha512-rVksvsnNCdJ/ohGc6xgPwyN8eheCxsiLM8mxuE/t/mOVqJewPuO1miLpTHQiRgTKCLexL4MeAFVagts7HmNZ2Q==}
    engines: {node: '>=10'}
    dev: true
